
Microsoft Visual Studio Solution File, Format Version 12.00
# Visual Studio Version 17
VisualStudioVersion = 17.4.33213.308
MinimumVisualStudioVersion = 10.0.40219.1
Project("{FAE04EC0-301F-11D3-BF4B-00C04F79EFBC}") = "PDC03_MODULE03.Android", "PDC03_MODULE03\PDC03_MODULE03.Android\PDC03_MODULE03.Android.csproj", "{ED609428-8AD7-49F1-84AD-5F77BD566986}"
EndProject
Project("{FAE04EC0-301F-11D3-BF4B-00C04F79EFBC}") = "PDC03_MODULE03", "PDC03_MODULE03\PDC03_MODULE03\PDC03_MODULE03.csproj", "{122C072D-FECB-4CDE-AFE1-90DF9399D197}"
EndProject
Global
	GlobalSection(SolutionConfigurationPlatforms) = preSolution
		Debug|Any CPU = Debug|Any CPU
		Release|Any CPU = Release|Any CPU
	EndGlobalSection
	GlobalSection(ProjectConfigurationPlatforms) = postSolution
		{ED609428-8AD7-49F1-84AD-5F77BD566986}.Debug|Any CPU.ActiveCfg = Debug|Any CPU
		{ED609428-8AD7-49F1-84AD-5F77BD566986}.Debug|Any CPU.Build.0 = Debug|Any CPU
		{ED609428-8AD7-49F1-84AD-5F77BD566986}.Debug|Any CPU.Deploy.0 = Debug|Any CPU
		{ED609428-8AD7-49F1-84AD-5F77BD566986}.Release|Any CPU.ActiveCfg = Release|Any CPU
		{ED609428-8AD7-49F1-84AD-5F77BD566986}.Release|Any CPU.Build.0 = Release|Any CPU
		{ED609428-8AD7-49F1-84AD-5F77BD566986}.Release|Any CPU.Deploy.0 = Release|Any CPU
		{122C072D-FECB-4CDE-AFE1-90DF9399D197}.Debug|Any CPU.ActiveCfg = Debug|Any CPU
		{122C072D-FECB-4CDE-AFE1-90DF9399D197}.Debug|Any CPU.Build.0 = Debug|Any CPU
		{122C072D-FECB-4CDE-AFE1-90DF9399D197}.Debug|Any CPU.Deploy.0 = Debug|Any CPU
		{122C072D-FECB-4CDE-AFE1-90DF9399D197}.Release|Any CPU.ActiveCfg = Release|Any CPU
		{122C072D-FECB-4CDE-AFE1-90DF9399D197}.Release|Any CPU.Build.0 = Release|Any CPU
		{122C072D-FECB-4CDE-AFE1-90DF9399D197}.Release|Any CPU.Deploy.0 = Release|Any CPU
	EndGlobalSection
	GlobalSection(SolutionProperties) = preSolution
		HideSolutionNode = FALSE
	EndGlobalSection
	GlobalSection(ExtensibilityGlobals) = postSolution
		SolutionGuid = {41C5E562-835E-4AB5-B7DB-C2A03EAC38EC}
	EndGlobalSection
EndGlobal
